
Microsoft Visual Studio Solution File, Format Version 12.00
# Visual Studio Version 17
VisualStudioVersion = 17.0.31919.166
MinimumVisualStudioVersion = 10.0.40219.1
Project("{FAE04EC0-301F-11D3-BF4B-00C04F79EFBC}") = "InventoryManagement", "InventoryManagement\InventoryManagement.csproj", "{8D45571E-169F-407D-8E48-37F0CA1A4B34}"
EndProject
Global
	GlobalSection(SolutionConfigurationPlatforms) = preSolution
		Debug|Any CPU = Debug|Any CPU
		Release|Any CPU = Release|Any CPU
	EndGlobalSection
	GlobalSection(ProjectConfigurationPlatforms) = postSolution
		{8D45571E-169F-407D-8E48-37F0CA1A4B34}.Debug|Any CPU.ActiveCfg = Debug|Any CPU
		{8D45571E-169F-407D-8E48-37F0CA1A4B34}.Debug|Any CPU.Build.0 = Debug|Any CPU
		{8D45571E-169F-407D-8E48-37F0CA1A4B34}.Release|Any CPU.ActiveCfg = Release|Any CPU
		{8D45571E-169F-407D-8E48-37F0CA1A4B34}.Release|Any CPU.Build.0 = Release|Any CPU
	EndGlobalSection
	GlobalSection(SolutionProperties) = preSolution
		HideSolutionNode = FALSE
	EndGlobalSection
	GlobalSection(ExtensibilityGlobals) = postSolution
		SolutionGuid = {24FF2867-5A5C-4D85-9E4D-5FF220348437}
	EndGlobalSection
EndGlobal
